// !$*UTF8*$!
{
	archiveVersion = 1;
	classes = {
	};
	objectVersion = 55;
	objects = {

/* Begin PBXBuildFile section */
		0B34A60F270E02B500403744 /* HomeVC.swift in Sources */ = {isa = PBXBuildFile; fileRef = 0B34A60E270E02B500403744 /* HomeVC.swift */; };
		0BBC1E702706BC1600CE88E8 /* AppDelegate.swift in Sources */ = {isa = PBXBuildFile; fileRef = 0BBC1E6F2706BC1600CE88E8 /* AppDelegate.swift */; };
		0BBC1E722706BC1600CE88E8 /* SceneDelegate.swift in Sources */ = {isa = PBXBuildFile; fileRef = 0BBC1E712706BC1600CE88E8 /* SceneDelegate.swift */; };
		0BBC1E772706BC1600CE88E8 /* Main.storyboard in Resources */ = {isa = PBXBuildFile; fileRef = 0BBC1E752706BC1600CE88E8 /* Main.storyboard */; };
		0BBC1E7A2706BC1600CE88E8 /* UMDBusApp.xcdatamodeld in Sources */ = {isa = PBXBuildFile; fileRef = 0BBC1E782706BC1600CE88E8 /* UMDBusApp.xcdatamodeld */; };
		0BBC1E7C2706BC1A00CE88E8 /* Assets.xcassets in Resources */ = {isa = PBXBuildFile; fileRef = 0BBC1E7B2706BC1A00CE88E8 /* Assets.xcassets */; };
		0BBC1E7F2706BC1A00CE88E8 /* LaunchScreen.storyboard in Resources */ = {isa = PBXBuildFile; fileRef = 0BBC1E7D2706BC1A00CE88E8 /* LaunchScreen.storyboard */; };
		0BBC1E8A2706BC1A00CE88E8 /* UMDBusAppTests.swift in Sources */ = {isa = PBXBuildFile; fileRef = 0BBC1E892706BC1A00CE88E8 /* UMDBusAppTests.swift */; };
		0BBC1E942706BC1A00CE88E8 /* UMDBusAppUITests.swift in Sources */ = {isa = PBXBuildFile; fileRef = 0BBC1E932706BC1A00CE88E8 /* UMDBusAppUITests.swift */; };
		0BBC1E962706BC1A00CE88E8 /* UMDBusAppUITestsLaunchTests.swift in Sources */ = {isa = PBXBuildFile; fileRef = 0BBC1E952706BC1A00CE88E8 /* UMDBusAppUITestsLaunchTests.swift */; };
		0BBC1EA42706BD1F00CE88E8 /* SearchVC.swift in Sources */ = {isa = PBXBuildFile; fileRef = 0BBC1EA32706BD1F00CE88E8 /* SearchVC.swift */; };
		0BBC1EA72706BD9200CE88E8 /* MapVC.swift in Sources */ = {isa = PBXBuildFile; fileRef = 0BBC1EA62706BD9200CE88E8 /* MapVC.swift */; };
		0BBC1EAA2706BED200CE88E8 /* LocationManager.swift in Sources */ = {isa = PBXBuildFile; fileRef = 0BBC1EA92706BED200CE88E8 /* LocationManager.swift */; };
		78487750BDDDB40D06D2FB01 /* Pods_UMDBusAppTests.framework in Frameworks */ = {isa = PBXBuildFile; fileRef = 626FB8CDED7106AE41D2D0C8 /* Pods_UMDBusAppTests.framework */; };
		7B6514FF00115B85908F87D5 /* Pods_UMDBusApp_UMDBusAppUITests.framework in Frameworks */ = {isa = PBXBuildFile; fileRef = 4805BAF244E865C2F66C8F12 /* Pods_UMDBusApp_UMDBusAppUITests.framework */; };
		9DF0092A87E43FE32A966A31 /* Pods_UMDBusApp.framework in Frameworks */ = {isa = PBXBuildFile; fileRef = DE47EA5F940364A0E09A827B /* Pods_UMDBusApp.framework */; };
/* End PBXBuildFile section */

/* Begin PBXContainerItemProxy section */
		0BBC1E862706BC1A00CE88E8 /* PBXContainerItemProxy */ = {
			isa = PBXContainerItemProxy;
			containerPortal = 0BBC1E642706BC1600CE88E8 /* Project object */;
			proxyType = 1;
			remoteGlobalIDString = 0BBC1E6B2706BC1600CE88E8;
			remoteInfo = UMDBusApp;
		};
		0BBC1E902706BC1A00CE88E8 /* PBXContainerItemProxy */ = {
			isa = PBXContainerItemProxy;
			containerPortal = 0BBC1E642706BC1600CE88E8 /* Project object */;
			proxyType = 1;
			remoteGlobalIDString = 0BBC1E6B2706BC1600CE88E8;
			remoteInfo = UMDBusApp;
		};
/* End PBXContainerItemProxy section */

/* Begin PBXFileReference section */
		0B34A60E270E02B500403744 /* HomeVC.swift */ = {isa = PBXFileReference; lastKnownFileType = sourcecode.swift; path = HomeVC.swift; sourceTree = "<group>"; };
		0BBC1E6C2706BC1600CE88E8 /* UMDBusApp.app */ = {isa = PBXFileReference; explicitFileType = wrapper.application; includeInIndex = 0; path = UMDBusApp.app; sourceTree = BUILT_PRODUCTS_DIR; };
		0BBC1E6F2706BC1600CE88E8 /* AppDelegate.swift */ = {isa = PBXFileReference; lastKnownFileType = sourcecode.swift; path = AppDelegate.swift; sourceTree = "<group>"; };
		0BBC1E712706BC1600CE88E8 /* SceneDelegate.swift */ = {isa = PBXFileReference; lastKnownFileType = sourcecode.swift; path = SceneDelegate.swift; sourceTree = "<group>"; };
		0BBC1E762706BC1600CE88E8 /* Base */ = {isa = PBXFileReference; lastKnownFileType = file.storyboard; name = Base; path = Base.lproj/Main.storyboard; sourceTree = "<group>"; };
		0BBC1E792706BC1600CE88E8 /* UMDBusApp.xcdatamodel */ = {isa = PBXFileReference; lastKnownFileType = wrapper.xcdatamodel; path = UMDBusApp.xcdatamodel; sourceTree = "<group>"; };
		0BBC1E7B2706BC1A00CE88E8 /* Assets.xcassets */ = {isa = PBXFileReference; lastKnownFileType = folder.assetcatalog; path = Assets.xcassets; sourceTree = "<group>"; };
		0BBC1E7E2706BC1A00CE88E8 /* Base */ = {isa = PBXFileReference; lastKnownFileType = file.storyboard; name = Base; path = Base.lproj/LaunchScreen.storyboard; sourceTree = "<group>"; };
		0BBC1E802706BC1A00CE88E8 /* Info.plist */ = {isa = PBXFileReference; lastKnownFileType = text.plist.xml; path = Info.plist; sourceTree = "<group>"; };
		0BBC1E852706BC1A00CE88E8 /* UMDBusAppTests.xctest */ = {isa = PBXFileReference; explicitFileType = wrapper.cfbundle; includeInIndex = 0; path = UMDBusAppTests.xctest; sourceTree = BUILT_PRODUCTS_DIR; };
		0BBC1E892706BC1A00CE88E8 /* UMDBusAppTests.swift */ = {isa = PBXFileReference; lastKnownFileType = sourcecode.swift; path = UMDBusAppTests.swift; sourceTree = "<group>"; };
		0BBC1E8F2706BC1A00CE88E8 /* UMDBusAppUITests.xctest */ = {isa = PBXFileReference; explicitFileType = wrapper.cfbundle; includeInIndex = 0; path = UMDBusAppUITests.xctest; sourceTree = BUILT_PRODUCTS_DIR; };
		0BBC1E932706BC1A00CE88E8 /* UMDBusAppUITests.swift */ = {isa = PBXFileReference; lastKnownFileType = sourcecode.swift; path = UMDBusAppUITests.swift; sourceTree = "<group>"; };
		0BBC1E952706BC1A00CE88E8 /* UMDBusAppUITestsLaunchTests.swift */ = {isa = PBXFileReference; lastKnownFileType = sourcecode.swift; path = UMDBusAppUITestsLaunchTests.swift; sourceTree = "<group>"; };
		0BBC1EA32706BD1F00CE88E8 /* SearchVC.swift */ = {isa = PBXFileReference; lastKnownFileType = sourcecode.swift; path = SearchVC.swift; sourceTree = "<group>"; };
		0BBC1EA62706BD9200CE88E8 /* MapVC.swift */ = {isa = PBXFileReference; lastKnownFileType = sourcecode.swift; path = MapVC.swift; sourceTree = "<group>"; };
		0BBC1EA92706BED200CE88E8 /* LocationManager.swift */ = {isa = PBXFileReference; lastKnownFileType = sourcecode.swift; path = LocationManager.swift; sourceTree = "<group>"; };
		38A845CDAA6D21BFBF15FB2E /* Pods-UMDBusApp-UMDBusAppUITests.debug.xcconfig */ = {isa = PBXFileReference; includeInIndex = 1; lastKnownFileType = text.xcconfig; name = "Pods-UMDBusApp-UMDBusAppUITests.debug.xcconfig"; path = "Target Support Files/Pods-UMDBusApp-UMDBusAppUITests/Pods-UMDBusApp-UMDBusAppUITests.debug.xcconfig"; sourceTree = "<group>"; };
		4805BAF244E865C2F66C8F12 /* Pods_UMDBusApp_UMDBusAppUITests.framework */ = {isa = PBXFileReference; explicitFileType = wrapper.framework; includeInIndex = 0; path = Pods_UMDBusApp_UMDBusAppUITests.framework; sourceTree = BUILT_PRODUCTS_DIR; };
		56E9778DCC6806CEB418EE28 /* Pods-UMDBusAppTests.debug.xcconfig */ = {isa = PBXFileReference; includeInIndex = 1; lastKnownFileType = text.xcconfig; name = "Pods-UMDBusAppTests.debug.xcconfig"; path = "Target Support Files/Pods-UMDBusAppTests/Pods-UMDBusAppTests.debug.xcconfig"; sourceTree = "<group>"; };
		626FB8CDED7106AE41D2D0C8 /* Pods_UMDBusAppTests.framework */ = {isa = PBXFileReference; explicitFileType = wrapper.framework; includeInIndex = 0; path = Pods_UMDBusAppTests.framework; sourceTree = BUILT_PRODUCTS_DIR; };
		7F90E1BCB2058194432D9D7A /* Pods-UMDBusApp.debug.xcconfig */ = {isa = PBXFileReference; includeInIndex = 1; lastKnownFileType = text.xcconfig; name = "Pods-UMDBusApp.debug.xcconfig"; path = "Target Support Files/Pods-UMDBusApp/Pods-UMDBusApp.debug.xcconfig"; sourceTree = "<group>"; };
		B7282B4EE558166DC6AE763D /* Pods-UMDBusApp.release.xcconfig */ = {isa = PBXFileReference; includeInIndex = 1; lastKnownFileType = text.xcconfig; name = "Pods-UMDBusApp.release.xcconfig"; path = "Target Support Files/Pods-UMDBusApp/Pods-UMDBusApp.release.xcconfig"; sourceTree = "<group>"; };
		BC64E20B22CFA8E846AF15BC /* Pods-UMDBusApp-UMDBusAppUITests.release.xcconfig */ = {isa = PBXFileReference; includeInIndex = 1; lastKnownFileType = text.xcconfig; name = "Pods-UMDBusApp-UMDBusAppUITests.release.xcconfig"; path = "Target Support Files/Pods-UMDBusApp-UMDBusAppUITests/Pods-UMDBusApp-UMDBusAppUITests.release.xcconfig"; sourceTree = "<group>"; };
		DE47EA5F940364A0E09A827B /* Pods_UMDBusApp.framework */ = {isa = PBXFileReference; explicitFileType = wrapper.framework; includeInIndex = 0; path = Pods_UMDBusApp.framework; sourceTree = BUILT_PRODUCTS_DIR; };
		FBB5A8209235ADE46096E7E8 /* Pods-UMDBusAppTests.release.xcconfig */ = {isa = PBXFileReference; includeInIndex = 1; lastKnownFileType = text.xcconfig; name = "Pods-UMDBusAppTests.release.xcconfig"; path = "Target Support Files/Pods-UMDBusAppTests/Pods-UMDBusAppTests.release.xcconfig"; sourceTree = "<group>"; };
/* End PBXFileReference section */

/* Begin PBXFrameworksBuildPhase section */
		0BBC1E692706BC1600CE88E8 /* Frameworks */ = {
			isa = PBXFrameworksBuildPhase;
			buildActionMask = 2147483647;
			files = (
				9DF0092A87E43FE32A966A31 /* Pods_UMDBusApp.framework in Frameworks */,
			);
			runOnlyForDeploymentPostprocessing = 0;
		};
		0BBC1E822706BC1A00CE88E8 /* Frameworks */ = {
			isa = PBXFrameworksBuildPhase;
			buildActionMask = 2147483647;
			files = (
				78487750BDDDB40D06D2FB01 /* Pods_UMDBusAppTests.framework in Frameworks */,
			);
			runOnlyForDeploymentPostprocessing = 0;
		};
		0BBC1E8C2706BC1A00CE88E8 /* Frameworks */ = {
			isa = PBXFrameworksBuildPhase;
			buildActionMask = 2147483647;
			files = (
				7B6514FF00115B85908F87D5 /* Pods_UMDBusApp_UMDBusAppUITests.framework in Frameworks */,
			);
			runOnlyForDeploymentPostprocessing = 0;
		};
/* End PBXFrameworksBuildPhase section */

/* Begin PBXGroup section */
		0BBC1E632706BC1600CE88E8 = {
			isa = PBXGroup;
			children = (
				0BBC1E6E2706BC1600CE88E8 /* UMDBusApp */,
				0BBC1E882706BC1A00CE88E8 /* UMDBusAppTests */,
				0BBC1E922706BC1A00CE88E8 /* UMDBusAppUITests */,
				0BBC1E6D2706BC1600CE88E8 /* Products */,
				0E307157E41DD76072E0AC82 /* Pods */,
				C0F1F194831D5D2863594DC9 /* Frameworks */,
			);
			sourceTree = "<group>";
		};
		0BBC1E6D2706BC1600CE88E8 /* Products */ = {
			isa = PBXGroup;
			children = (
				0BBC1E6C2706BC1600CE88E8 /* UMDBusApp.app */,
				0BBC1E852706BC1A00CE88E8 /* UMDBusAppTests.xctest */,
				0BBC1E8F2706BC1A00CE88E8 /* UMDBusAppUITests.xctest */,
			);
			name = Products;
			sourceTree = "<group>";
		};
		0BBC1E6E2706BC1600CE88E8 /* UMDBusApp */ = {
			isa = PBXGroup;
			children = (
				0BBC1EA82706BEBB00CE88E8 /* API */,
				0BBC1EA52706BD2600CE88E8 /* View Controllers */,
				0BBC1E6F2706BC1600CE88E8 /* AppDelegate.swift */,
				0BBC1E712706BC1600CE88E8 /* SceneDelegate.swift */,
				0BBC1E752706BC1600CE88E8 /* Main.storyboard */,
				0BBC1E7B2706BC1A00CE88E8 /* Assets.xcassets */,
				0BBC1E7D2706BC1A00CE88E8 /* LaunchScreen.storyboard */,
				0BBC1E802706BC1A00CE88E8 /* Info.plist */,
				0BBC1E782706BC1600CE88E8 /* UMDBusApp.xcdatamodeld */,
				0BBC1EA92706BED200CE88E8 /* LocationManager.swift */,
			);
			path = UMDBusApp;
			sourceTree = "<group>";
		};
		0BBC1E882706BC1A00CE88E8 /* UMDBusAppTests */ = {
			isa = PBXGroup;
			children = (
				0BBC1E892706BC1A00CE88E8 /* UMDBusAppTests.swift */,
			);
			path = UMDBusAppTests;
			sourceTree = "<group>";
		};
		0BBC1E922706BC1A00CE88E8 /* UMDBusAppUITests */ = {
			isa = PBXGroup;
			children = (
				0BBC1E932706BC1A00CE88E8 /* UMDBusAppUITests.swift */,
				0BBC1E952706BC1A00CE88E8 /* UMDBusAppUITestsLaunchTests.swift */,
			);
			path = UMDBusAppUITests;
			sourceTree = "<group>";
		};
		0BBC1EA52706BD2600CE88E8 /* View Controllers */ = {
			isa = PBXGroup;
			children = (
				0BBC1EA62706BD9200CE88E8 /* MapVC.swift */,
				0BBC1EA32706BD1F00CE88E8 /* SearchVC.swift */,
				0B34A60E270E02B500403744 /* HomeVC.swift */,
			);
			path = "View Controllers";
			sourceTree = "<group>";
		};
		0BBC1EA82706BEBB00CE88E8 /* API */ = {
			isa = PBXGroup;
			children = (
			);
			path = API;
			sourceTree = "<group>";
		};
		0E307157E41DD76072E0AC82 /* Pods */ = {
			isa = PBXGroup;
			children = (
				7F90E1BCB2058194432D9D7A /* Pods-UMDBusApp.debug.xcconfig */,
				B7282B4EE558166DC6AE763D /* Pods-UMDBusApp.release.xcconfig */,
				38A845CDAA6D21BFBF15FB2E /* Pods-UMDBusApp-UMDBusAppUITests.debug.xcconfig */,
				BC64E20B22CFA8E846AF15BC /* Pods-UMDBusApp-UMDBusAppUITests.release.xcconfig */,
				56E9778DCC6806CEB418EE28 /* Pods-UMDBusAppTests.debug.xcconfig */,
				FBB5A8209235ADE46096E7E8 /* Pods-UMDBusAppTests.release.xcconfig */,
			);
			path = Pods;
			sourceTree = "<group>";
		};
		C0F1F194831D5D2863594DC9 /* Frameworks */ = {
			isa = PBXGroup;
			children = (
				DE47EA5F940364A0E09A827B /* Pods_UMDBusApp.framework */,
				4805BAF244E865C2F66C8F12 /* Pods_UMDBusApp_UMDBusAppUITests.framework */,
				626FB8CDED7106AE41D2D0C8 /* Pods_UMDBusAppTests.framework */,
			);
			name = Frameworks;
			sourceTree = "<group>";
		};
/* End PBXGroup section */

/* Begin PBXNativeTarget section */
		0BBC1E6B2706BC1600CE88E8 /* UMDBusApp */ = {
			isa = PBXNativeTarget;
			buildConfigurationList = 0BBC1E992706BC1A00CE88E8 /* Build configuration list for PBXNativeTarget "UMDBusApp" */;
			buildPhases = (
				EB34D4C23618442C99741030 /* [CP] Check Pods Manifest.lock */,
				0BBC1E682706BC1600CE88E8 /* Sources */,
				0BBC1E692706BC1600CE88E8 /* Frameworks */,
				0BBC1E6A2706BC1600CE88E8 /* Resources */,
				5912F0C21124C81B79E8E73D /* [CP] Embed Pods Frameworks */,
			);
			buildRules = (
			);
			dependencies = (
			);
			name = UMDBusApp;
			productName = UMDBusApp;
			productReference = 0BBC1E6C2706BC1600CE88E8 /* UMDBusApp.app */;
			productType = "com.apple.product-type.application";
		};
		0BBC1E842706BC1A00CE88E8 /* UMDBusAppTests */ = {
			isa = PBXNativeTarget;
			buildConfigurationList = 0BBC1E9C2706BC1A00CE88E8 /* Build configuration list for PBXNativeTarget "UMDBusAppTests" */;
			buildPhases = (
				CDBD82F10EA1DB8B3B8318F4 /* [CP] Check Pods Manifest.lock */,
				0BBC1E812706BC1A00CE88E8 /* Sources */,
				0BBC1E822706BC1A00CE88E8 /* Frameworks */,
				0BBC1E832706BC1A00CE88E8 /* Resources */,
			);
			buildRules = (
			);
			dependencies = (
				0BBC1E872706BC1A00CE88E8 /* PBXTargetDependency */,
			);
			name = UMDBusAppTests;
			productName = UMDBusAppTests;
			productReference = 0BBC1E852706BC1A00CE88E8 /* UMDBusAppTests.xctest */;
			productType = "com.apple.product-type.bundle.unit-test";
		};
		0BBC1E8E2706BC1A00CE88E8 /* UMDBusAppUITests */ = {
			isa = PBXNativeTarget;
			buildConfigurationList = 0BBC1E9F2706BC1A00CE88E8 /* Build configuration list for PBXNativeTarget "UMDBusAppUITests" */;
			buildPhases = (
				5269007DA201404122A86CD1 /* [CP] Check Pods Manifest.lock */,
				0BBC1E8B2706BC1A00CE88E8 /* Sources */,
				0BBC1E8C2706BC1A00CE88E8 /* Frameworks */,
				0BBC1E8D2706BC1A00CE88E8 /* Resources */,
				258AB1C156C78634C969ABA9 /* [CP] Embed Pods Frameworks */,
			);
			buildRules = (
			);
			dependencies = (
				0BBC1E912706BC1A00CE88E8 /* PBXTargetDependency */,
			);
			name = UMDBusAppUITests;
			productName = UMDBusAppUITests;
			productReference = 0BBC1E8F2706BC1A00CE88E8 /* UMDBusAppUITests.xctest */;
			productType = "com.apple.product-type.bundle.ui-testing";
		};
/* End PBXNativeTarget section */

/* Begin PBXProject section */
		0BBC1E642706BC1600CE88E8 /* Project object */ = {
			isa = PBXProject;
			attributes = {
				BuildIndependentTargetsInParallel = 1;
				LastSwiftUpdateCheck = 1300;
				LastUpgradeCheck = 1300;
				TargetAttributes = {
					0BBC1E6B2706BC1600CE88E8 = {
						CreatedOnToolsVersion = 13.0;
					};
					0BBC1E842706BC1A00CE88E8 = {
						CreatedOnToolsVersion = 13.0;
						TestTargetID = 0BBC1E6B2706BC1600CE88E8;
					};
					0BBC1E8E2706BC1A00CE88E8 = {
						CreatedOnToolsVersion = 13.0;
						TestTargetID = 0BBC1E6B2706BC1600CE88E8;
					};
				};
			};
			buildConfigurationList = 0BBC1E672706BC1600CE88E8 /* Build configuration list for PBXProject "UMDBusApp" */;
			compatibilityVersion = "Xcode 13.0";
			developmentRegion = en;
			hasScannedForEncodings = 0;
			knownRegions = (
				en,
				Base,
			);
			mainGroup = 0BBC1E632706BC1600CE88E8;
			productRefGroup = 0BBC1E6D2706BC1600CE88E8 /* Products */;
			projectDirPath = "";
			projectRoot = "";
			targets = (
				0BBC1E6B2706BC1600CE88E8 /* UMDBusApp */,
				0BBC1E842706BC1A00CE88E8 /* UMDBusAppTests */,
				0BBC1E8E2706BC1A00CE88E8 /* UMDBusAppUITests */,
			);
		};
/* End PBXProject section */

/* Begin PBXResourcesBuildPhase section */
		0BBC1E6A2706BC1600CE88E8 /* Resources */ = {
			isa = PBXResourcesBuildPhase;
			buildActionMask = 2147483647;
			files = (
				0BBC1E7F2706BC1A00CE88E8 /* LaunchScreen.storyboard in Resources */,
				0BBC1E7C2706BC1A00CE88E8 /* Assets.xcassets in Resources */,
				0BBC1E772706BC1600CE88E8 /* Main.storyboard in Resources */,
			);
			runOnlyForDeploymentPostprocessing = 0;
		};
		0BBC1E832706BC1A00CE88E8 /* Resources */ = {
			isa = PBXResourcesBuildPhase;
			buildActionMask = 2147483647;
			files = (
			);
			runOnlyForDeploymentPostprocessing = 0;
		};
		0BBC1E8D2706BC1A00CE88E8 /* Resources */ = {
			isa = PBXResourcesBuildPhase;
			buildActionMask = 2147483647;
			files = (
			);
			runOnlyForDeploymentPostprocessing = 0;
		};
/* End PBXResourcesBuildPhase section */

/* Begin PBXShellScriptBuildPhase section */
		258AB1C156C78634C969ABA9 /* [CP] Embed Pods Frameworks */ = {
			isa = PBXShellScriptBuildPhase;
			buildActionMask = 2147483647;
			files = (
			);
			inputFileListPaths = (
				"${PODS_ROOT}/Target Support Files/Pods-UMDBusApp-UMDBusAppUITests/Pods-UMDBusApp-UMDBusAppUITests-frameworks-${CONFIGURATION}-input-files.xcfilelist",
			);
			name = "[CP] Embed Pods Frameworks";
			outputFileListPaths = (
				"${PODS_ROOT}/Target Support Files/Pods-UMDBusApp-UMDBusAppUITests/Pods-UMDBusApp-UMDBusAppUITests-frameworks-${CONFIGURATION}-output-files.xcfilelist",
			);
			runOnlyForDeploymentPostprocessing = 0;
			shellPath = /bin/sh;
			shellScript = "\"${PODS_ROOT}/Target Support Files/Pods-UMDBusApp-UMDBusAppUITests/Pods-UMDBusApp-UMDBusAppUITests-frameworks.sh\"\n";
			showEnvVarsInLog = 0;
		};
		5269007DA201404122A86CD1 /* [CP] Check Pods Manifest.lock */ = {
			isa = PBXShellScriptBuildPhase;
			buildActionMask = 2147483647;
			files = (
			);
			inputFileListPaths = (
			);
			inputPaths = (
				"${PODS_PODFILE_DIR_PATH}/Podfile.lock",
				"${PODS_ROOT}/Manifest.lock",
			);
			name = "[CP] Check Pods Manifest.lock";
			outputFileListPaths = (
			);
			outputPaths = (
				"$(DERIVED_FILE_DIR)/Pods-UMDBusApp-UMDBusAppUITests-checkManifestLockResult.txt",
			);
			runOnlyForDeploymentPostprocessing = 0;
			shellPath = /bin/sh;
			shellScript = "diff \"${PODS_PODFILE_DIR_PATH}/Podfile.lock\" \"${PODS_ROOT}/Manifest.lock\" > /dev/null\nif [ $? != 0 ] ; then\n    # print error to STDERR\n    echo \"error: The sandbox is not in sync with the Podfile.lock. Run 'pod install' or update your CocoaPods installation.\" >&2\n    exit 1\nfi\n# This output is used by Xcode 'outputs' to avoid re-running this script phase.\necho \"SUCCESS\" > \"${SCRIPT_OUTPUT_FILE_0}\"\n";
			showEnvVarsInLog = 0;
		};
		5912F0C21124C81B79E8E73D /* [CP] Embed Pods Frameworks */ = {
			isa = PBXShellScriptBuildPhase;
			buildActionMask = 2147483647;
			files = (
			);
			inputFileListPaths = (
				"${PODS_ROOT}/Target Support Files/Pods-UMDBusApp/Pods-UMDBusApp-frameworks-${CONFIGURATION}-input-files.xcfilelist",
			);
			name = "[CP] Embed Pods Frameworks";
			outputFileListPaths = (
				"${PODS_ROOT}/Target Support Files/Pods-UMDBusApp/Pods-UMDBusApp-frameworks-${CONFIGURATION}-output-files.xcfilelist",
			);
			runOnlyForDeploymentPostprocessing = 0;
			shellPath = /bin/sh;
			shellScript = "\"${PODS_ROOT}/Target Support Files/Pods-UMDBusApp/Pods-UMDBusApp-frameworks.sh\"\n";
			showEnvVarsInLog = 0;
		};
		CDBD82F10EA1DB8B3B8318F4 /* [CP] Check Pods Manifest.lock */ = {
			isa = PBXShellScriptBuildPhase;
			buildActionMask = 2147483647;
			files = (
			);
			inputFileListPaths = (
			);
			inputPaths = (
				"${PODS_PODFILE_DIR_PATH}/Podfile.lock",
				"${PODS_ROOT}/Manifest.lock",
			);
			name = "[CP] Check Pods Manifest.lock";
			outputFileListPaths = (
			);
			outputPaths = (
				"$(DERIVED_FILE_DIR)/Pods-UMDBusAppTests-checkManifestLockResult.txt",
			);
			runOnlyForDeploymentPostprocessing = 0;
			shellPath = /bin/sh;
			shellScript = "diff \"${PODS_PODFILE_DIR_PATH}/Podfile.lock\" \"${PODS_ROOT}/Manifest.lock\" > /dev/null\nif [ $? != 0 ] ; then\n    # print error to STDERR\n    echo \"error: The sandbox is not in sync with the Podfile.lock. Run 'pod install' or update your CocoaPods installation.\" >&2\n    exit 1\nfi\n# This output is used by Xcode 'outputs' to avoid re-running this script phase.\necho \"SUCCESS\" > \"${SCRIPT_OUTPUT_FILE_0}\"\n";
			showEnvVarsInLog = 0;
		};
		EB34D4C23618442C99741030 /* [CP] Check Pods Manifest.lock */ = {
			isa = PBXShellScriptBuildPhase;
			buildActionMask = 2147483647;
			files = (
			);
			inputFileListPaths = (
			);
			inputPaths = (
				"${PODS_PODFILE_DIR_PATH}/Podfile.lock",
				"${PODS_ROOT}/Manifest.lock",
			);
			name = "[CP] Check Pods Manifest.lock";
			outputFileListPaths = (
			);
			outputPaths = (
				"$(DERIVED_FILE_DIR)/Pods-UMDBusApp-checkManifestLockResult.txt",
			);
			runOnlyForDeploymentPostprocessing = 0;
			shellPath = /bin/sh;
			shellScript = "diff \"${PODS_PODFILE_DIR_PATH}/Podfile.lock\" \"${PODS_ROOT}/Manifest.lock\" > /dev/null\nif [ $? != 0 ] ; then\n    # print error to STDERR\n    echo \"error: The sandbox is not in sync with the Podfile.lock. Run 'pod install' or update your CocoaPods installation.\" >&2\n    exit 1\nfi\n# This output is used by Xcode 'outputs' to avoid re-running this script phase.\necho \"SUCCESS\" > \"${SCRIPT_OUTPUT_FILE_0}\"\n";
			showEnvVarsInLog = 0;
		};
/* End PBXShellScriptBuildPhase section */

/* Begin PBXSourcesBuildPhase section */
		0BBC1E682706BC1600CE88E8 /* Sources */ = {
			isa = PBXSourcesBuildPhase;
			buildActionMask = 2147483647;
			files = (
				0BBC1EA72706BD9200CE88E8 /* MapVC.swift in Sources */,
				0B34A60F270E02B500403744 /* HomeVC.swift in Sources */,
				0BBC1EA42706BD1F00CE88E8 /* SearchVC.swift in Sources */,
				0BBC1EAA2706BED200CE88E8 /* LocationManager.swift in Sources */,
				0BBC1E702706BC1600CE88E8 /* AppDelegate.swift in Sources */,
				0BBC1E722706BC1600CE88E8 /* SceneDelegate.swift in Sources */,
				0BBC1E7A2706BC1600CE88E8 /* UMDBusApp.xcdatamodeld in Sources */,
			);
			runOnlyForDeploymentPostprocessing = 0;
		};
		0BBC1E812706BC1A00CE88E8 /* Sources */ = {
			isa = PBXSourcesBuildPhase;
			buildActionMask = 2147483647;
			files = (
				0BBC1E8A2706BC1A00CE88E8 /* UMDBusAppTests.swift in Sources */,
			);
			runOnlyForDeploymentPostprocessing = 0;
		};
		0BBC1E8B2706BC1A00CE88E8 /* Sources */ = {
			isa = PBXSourcesBuildPhase;
			buildActionMask = 2147483647;
			files = (
				0BBC1E962706BC1A00CE88E8 /* UMDBusAppUITestsLaunchTests.swift in Sources */,
				0BBC1E942706BC1A00CE88E8 /* UMDBusAppUITests.swift in Sources */,
			);
			runOnlyForDeploymentPostprocessing = 0;
		};
/* End PBXSourcesBuildPhase section */

/* Begin PBXTargetDependency section */
		0BBC1E872706BC1A00CE88E8 /* PBXTargetDependency */ = {
			isa = PBXTargetDependency;
			target = 0BBC1E6B2706BC1600CE88E8 /* UMDBusApp */;
			targetProxy = 0BBC1E862706BC1A00CE88E8 /* PBXContainerItemProxy */;
		};
		0BBC1E912706BC1A00CE88E8 /* PBXTargetDependency */ = {
			isa = PBXTargetDependency;
			target = 0BBC1E6B2706BC1600CE88E8 /* UMDBusApp */;
			targetProxy = 0BBC1E902706BC1A00CE88E8 /* PBXContainerItemProxy */;
		};
/* End PBXTargetDependency section */

/* Begin PBXVariantGroup section */
		0BBC1E752706BC1600CE88E8 /* Main.storyboard */ = {
			isa = PBXVariantGroup;
			children = (
				0BBC1E762706BC1600CE88E8 /* Base */,
			);
			name = Main.storyboard;
			sourceTree = "<group>";
		};
		0BBC1E7D2706BC1A00CE88E8 /* LaunchScreen.storyboard */ = {
			isa = PBXVariantGroup;
			children = (
				0BBC1E7E2706BC1A00CE88E8 /* Base */,
			);
			name = LaunchScreen.storyboard;
			sourceTree = "<group>";
		};
/* End PBXVariantGroup section */

/* Begin XCBuildConfiguration section */
		0BBC1E972706BC1A00CE88E8 /* Debug */ = {
			isa = XCBuildConfiguration;
			buildSettings = {
				ALWAYS_SEARCH_USER_PATHS = NO;
				CLANG_ANALYZER_NONNULL = YES;
				CLANG_ANALYZER_NUMBER_OBJECT_CONVERSION = YES_AGGRESSIVE;
				CLANG_CXX_LANGUAGE_STANDARD = "gnu++17";
				CLANG_CXX_LIBRARY = "libc++";
				CLANG_ENABLE_MODULES = YES;
				CLANG_ENABLE_OBJC_ARC = YES;
				CLANG_ENABLE_OBJC_WEAK = YES;
				CLANG_WARN_BLOCK_CAPTURE_AUTORELEASING = YES;
				CLANG_WARN_BOOL_CONVERSION = YES;
				CLANG_WARN_COMMA = YES;
				CLANG_WARN_CONSTANT_CONVERSION = YES;
				CLANG_WARN_DEPRECATED_OBJC_IMPLEMENTATIONS = YES;
				CLANG_WARN_DIRECT_OBJC_ISA_USAGE = YES_ERROR;
				CLANG_WARN_DOCUMENTATION_COMMENTS = YES;
				CLANG_WARN_EMPTY_BODY = YES;
				CLANG_WARN_ENUM_CONVERSION = YES;
				CLANG_WARN_INFINITE_RECURSION = YES;
				CLANG_WARN_INT_CONVERSION = YES;
				CLANG_WARN_NON_LITERAL_NULL_CONVERSION = YES;
				CLANG_WARN_OBJC_IMPLICIT_RETAIN_SELF = YES;
				CLANG_WARN_OBJC_LITERAL_CONVERSION = YES;
				CLANG_WARN_OBJC_ROOT_CLASS = YES_ERROR;
				CLANG_WARN_QUOTED_INCLUDE_IN_FRAMEWORK_HEADER = YES;
				CLANG_WARN_RANGE_LOOP_ANALYSIS = YES;
				CLANG_WARN_STRICT_PROTOTYPES = YES;
				CLANG_WARN_SUSPICIOUS_MOVE = YES;
				CLANG_WARN_UNGUARDED_AVAILABILITY = YES_AGGRESSIVE;
				CLANG_WARN_UNREACHABLE_CODE = YES;
				CLANG_WARN__DUPLICATE_METHOD_MATCH = YES;
				COPY_PHASE_STRIP = NO;
				DEBUG_INFORMATION_FORMAT = dwarf;
				ENABLE_STRICT_OBJC_MSGSEND = YES;
				ENABLE_TESTABILITY = YES;
				GCC_C_LANGUAGE_STANDARD = gnu11;
				GCC_DYNAMIC_NO_PIC = NO;
				GCC_NO_COMMON_BLOCKS = YES;
				GCC_OPTIMIZATION_LEVEL = 0;
				GCC_PREPROCESSOR_DEFINITIONS = (
					"DEBUG=1",
					"$(inherited)",
				);
				GCC_WARN_64_TO_32_BIT_CONVERSION = YES;
				GCC_WARN_ABOUT_RETURN_TYPE = YES_ERROR;
				GCC_WARN_UNDECLARED_SELECTOR = YES;
				GCC_WARN_UNINITIALIZED_AUTOS = YES_AGGRESSIVE;
				GCC_WARN_UNUSED_FUNCTION = YES;
				GCC_WARN_UNUSED_VARIABLE = YES;
				IPHONEOS_DEPLOYMENT_TARGET = 15.0;
				MTL_ENABLE_DEBUG_INFO = INCLUDE_SOURCE;
				MTL_FAST_MATH = YES;
				ONLY_ACTIVE_ARCH = YES;
				SDKROOT = iphoneos;
				SWIFT_ACTIVE_COMPILATION_CONDITIONS = DEBUG;
				SWIFT_OPTIMIZATION_LEVEL = "-Onone";
			};
			name = Debug;
		};
		0BBC1E982706BC1A00CE88E8 /* Release */ = {
			isa = XCBuildConfiguration;
			buildSettings = {
				ALWAYS_SEARCH_USER_PATHS = NO;
				CLANG_ANALYZER_NONNULL = YES;
				CLANG_ANALYZER_NUMBER_OBJECT_CONVERSION = YES_AGGRESSIVE;
				CLANG_CXX_LANGUAGE_STANDARD = "gnu++17";
				CLANG_CXX_LIBRARY = "libc++";
				CLANG_ENABLE_MODULES = YES;
				CLANG_ENABLE_OBJC_ARC = YES;
				CLANG_ENABLE_OBJC_WEAK = YES;
				CLANG_WARN_BLOCK_CAPTURE_AUTORELEASING = YES;
				CLANG_WARN_BOOL_CONVERSION = YES;
				CLANG_WARN_COMMA = YES;
				CLANG_WARN_CONSTANT_CONVERSION = YES;
				CLANG_WARN_DEPRECATED_OBJC_IMPLEMENTATIONS = YES;
				CLANG_WARN_DIRECT_OBJC_ISA_USAGE = YES_ERROR;
				CLANG_WARN_DOCUMENTATION_COMMENTS = YES;
				CLANG_WARN_EMPTY_BODY = YES;
				CLANG_WARN_ENUM_CONVERSION = YES;
				CLANG_WARN_INFINITE_RECURSION = YES;
				CLANG_WARN_INT_CONVERSION = YES;
				CLANG_WARN_NON_LITERAL_NULL_CONVERSION = YES;
				CLANG_WARN_OBJC_IMPLICIT_RETAIN_SELF = YES;
				CLANG_WARN_OBJC_LITERAL_CONVERSION = YES;
				CLANG_WARN_OBJC_ROOT_CLASS = YES_ERROR;
				CLANG_WARN_QUOTED_INCLUDE_IN_FRAMEWORK_HEADER = YES;
				CLANG_WARN_RANGE_LOOP_ANALYSIS = YES;
				CLANG_WARN_STRICT_PROTOTYPES = YES;
				CLANG_WARN_SUSPICIOUS_MOVE = YES;
				CLANG_WARN_UNGUARDED_AVAILABILITY = YES_AGGRESSIVE;
				CLANG_WARN_UNREACHABLE_CODE = YES;
				CLANG_WARN__DUPLICATE_METHOD_MATCH = YES;
				COPY_PHASE_STRIP = NO;
				DEBUG_INFORMATION_FORMAT = "dwarf-with-dsym";
				ENABLE_NS_ASSERTIONS = NO;
				ENABLE_STRICT_OBJC_MSGSEND = YES;
				GCC_C_LANGUAGE_STANDARD = gnu11;
				GCC_NO_COMMON_BLOCKS = YES;
				GCC_WARN_64_TO_32_BIT_CONVERSION = YES;
				GCC_WARN_ABOUT_RETURN_TYPE = YES_ERROR;
				GCC_WARN_UNDECLARED_SELECTOR = YES;
				GCC_WARN_UNINITIALIZED_AUTOS = YES_AGGRESSIVE;
				GCC_WARN_UNUSED_FUNCTION = YES;
				GCC_WARN_UNUSED_VARIABLE = YES;
				IPHONEOS_DEPLOYMENT_TARGET = 15.0;
				MTL_ENABLE_DEBUG_INFO = NO;
				MTL_FAST_MATH = YES;
				SDKROOT = iphoneos;
				SWIFT_COMPILATION_MODE = wholemodule;
				SWIFT_OPTIMIZATION_LEVEL = "-O";
				VALIDATE_PRODUCT = YES;
			};
			name = Release;
		};
		0BBC1E9A2706BC1A00CE88E8 /* Debug */ = {
			isa = XCBuildConfiguration;
			baseConfigurationReference = 7F90E1BCB2058194432D9D7A /* Pods-UMDBusApp.debug.xcconfig */;
			buildSettings = {
				ASSETCATALOG_COMPILER_APPICON_NAME = AppIcon;
				ASSETCATALOG_COMPILER_GLOBAL_ACCENT_COLOR_NAME = AccentColor;
				CODE_SIGN_STYLE = Automatic;
				CURRENT_PROJECT_VERSION = 1;
				DEVELOPMENT_TEAM = 8RJGU8HFWK;
				GENERATE_INFOPLIST_FILE = YES;
				INFOPLIST_FILE = UMDBusApp/Info.plist;
				INFOPLIST_KEY_UIApplicationSupportsIndirectInputEvents = YES;
				INFOPLIST_KEY_UILaunchStoryboardName = LaunchScreen;
				INFOPLIST_KEY_UIMainStoryboardFile = Main;
				INFOPLIST_KEY_UISupportedInterfaceOrientations_iPad = "UIInterfaceOrientationPortrait UIInterfaceOrientationPortraitUpsideDown UIInterfaceOrientationLandscapeLeft UIInterfaceOrientationLandscapeRight";
				INFOPLIST_KEY_UISupportedInterfaceOrientations_iPhone = "UIInterfaceOrientationPortrait UIInterfaceOrientationLandscapeLeft UIInterfaceOrientationLandscapeRight";
				IPHONEOS_DEPLOYMENT_TARGET = 14.5;
				LD_RUNPATH_SEARCH_PATHS = (
					"$(inherited)",
					"@executable_path/Frameworks",
				);
				MARKETING_VERSION = 1.0;
				PRODUCT_BUNDLE_IDENTIFIER = Gvprime.UMDBusApp;
				PRODUCT_NAME = "$(TARGET_NAME)";
				SWIFT_EMIT_LOC_STRINGS = YES;
				SWIFT_VERSION = 5.0;
				TARGETED_DEVICE_FAMILY = "1,2";
			};
			name = Debug;
		};
		0BBC1E9B2706BC1A00CE88E8 /* Release */ = {
			isa = XCBuildConfiguration;
			baseConfigurationReference = B7282B4EE558166DC6AE763D /* Pods-UMDBusApp.release.xcconfig */;
			buildSettings = {
				ASSETCATALOG_COMPILER_APPICON_NAME = AppIcon;
				ASSETCATALOG_COMPILER_GLOBAL_ACCENT_COLOR_NAME = AccentColor;
				CODE_SIGN_STYLE = Automatic;
				CURRENT_PROJECT_VERSION = 1;
				DEVELOPMENT_TEAM = 8RJGU8HFWK;
				GENERATE_INFOPLIST_FILE = YES;
				INFOPLIST_FILE = UMDBusApp/Info.plist;
				INFOPLIST_KEY_UIApplicationSupportsIndirectInputEvents = YES;
				INFOPLIST_KEY_UILaunchStoryboardName = LaunchScreen;
				INFOPLIST_KEY_UIMainStoryboardFile = Main;
				INFOPLIST_KEY_UISupportedInterfaceOrientations_iPad = "UIInterfaceOrientationPortrait UIInterfaceOrientationPortraitUpsideDown UIInterfaceOrientationLandscapeLeft UIInterfaceOrientationLandscapeRight";
				INFOPLIST_KEY_UISupportedInterfaceOrientations_iPhone = "UIInterfaceOrientationPortrait UIInterfaceOrientationLandscapeLeft UIInterfaceOrientationLandscapeRight";
				IPHONEOS_DEPLOYMENT_TARGET = 14.5;
				LD_RUNPATH_SEARCH_PATHS = (
					"$(inherited)",
					"@executable_path/Frameworks",
				);
				MARKETING_VERSION = 1.0;
				PRODUCT_BUNDLE_IDENTIFIER = Gvprime.UMDBusApp;
				PRODUCT_NAME = "$(TARGET_NAME)";
				SWIFT_EMIT_LOC_STRINGS = YES;
				SWIFT_VERSION = 5.0;
				TARGETED_DEVICE_FAMILY = "1,2";
			};
			name = Release;
		};
		0BBC1E9D2706BC1A00CE88E8 /* Debug */ = {
			isa = XCBuildConfiguration;
			baseConfigurationReference = 56E9778DCC6806CEB418EE28 /* Pods-UMDBusAppTests.debug.xcconfig */;
			buildSettings = {
				ALWAYS_EMBED_SWIFT_STANDARD_LIBRARIES = YES;
				BUNDLE_LOADER = "$(TEST_HOST)";
				CODE_SIGN_STYLE = Automatic;
				CURRENT_PROJECT_VERSION = 1;
				DEVELOPMENT_TEAM = 8RJGU8HFWK;
				GENERATE_INFOPLIST_FILE = YES;
				IPHONEOS_DEPLOYMENT_TARGET = 15.0;
				LD_RUNPATH_SEARCH_PATHS = (
					"$(inherited)",
					"@executable_path/Frameworks",
					"@loader_path/Frameworks",
				);
				MARKETING_VERSION = 1.0;
				PRODUCT_BUNDLE_IDENTIFIER = Gvprime.UMDBusAppTests;
				PRODUCT_NAME = "$(TARGET_NAME)";
				SWIFT_EMIT_LOC_STRINGS = NO;
				SWIFT_VERSION = 5.0;
				TARGETED_DEVICE_FAMILY = "1,2";
				TEST_HOST = "$(BUILT_PRODUCTS_DIR)/UMDBusApp.app/UMDBusApp";
			};
			name = Debug;
		};
		0BBC1E9E2706BC1A00CE88E8 /* Release */ = {
			isa = XCBuildConfiguration;
			baseConfigurationReference = FBB5A8209235ADE46096E7E8 /* Pods-UMDBusAppTests.release.xcconfig */;
			buildSettings = {
				ALWAYS_EMBED_SWIFT_STANDARD_LIBRARIES = YES;
				BUNDLE_LOADER = "$(TEST_HOST)";
				CODE_SIGN_STYLE = Automatic;
				CURRENT_PROJECT_VERSION = 1;
				DEVELOPMENT_TEAM = 8RJGU8HFWK;
				GENERATE_INFOPLIST_FILE = YES;
				IPHONEOS_DEPLOYMENT_TARGET = 15.0;
				LD_RUNPATH_SEARCH_PATHS = (
					"$(inherited)",
					"@executable_path/Frameworks",
					"@loader_path/Frameworks",
				);
				MARKETING_VERSION = 1.0;
				PRODUCT_BUNDLE_IDENTIFIER = Gvprime.UMDBusAppTests;
				PRODUCT_NAME = "$(TARGET_NAME)";
				SWIFT_EMIT_LOC_STRINGS = NO;
				SWIFT_VERSION = 5.0;
				TARGETED_DEVICE_FAMILY = "1,2";
				TEST_HOST = "$(BUILT_PRODUCTS_DIR)/UMDBusApp.app/UMDBusApp";
			};
			name = Release;
		};
		0BBC1EA02706BC1A00CE88E8 /* Debug */ = {
			isa = XCBuildConfiguration;
			baseConfigurationReference = 38A845CDAA6D21BFBF15FB2E /* Pods-UMDBusApp-UMDBusAppUITests.debug.xcconfig */;
			buildSettings = {
				ALWAYS_EMBED_SWIFT_STANDARD_LIBRARIES = YES;
				CODE_SIGN_STYLE = Automatic;
				CURRENT_PROJECT_VERSION = 1;
				DEVELOPMENT_TEAM = 8RJGU8HFWK;
				GENERATE_INFOPLIST_FILE = YES;
				LD_RUNPATH_SEARCH_PATHS = (
					"$(inherited)",
					"@executable_path/Frameworks",
					"@loader_path/Frameworks",
				);
				MARKETING_VERSION = 1.0;
				PRODUCT_BUNDLE_IDENTIFIER = Gvprime.UMDBusAppUITests;
				PRODUCT_NAME = "$(TARGET_NAME)";
				SWIFT_EMIT_LOC_STRINGS = NO;
				SWIFT_VERSION = 5.0;
				TARGETED_DEVICE_FAMILY = "1,2";
				TEST_TARGET_NAME = UMDBusApp;
			};
			name = Debug;
		};
		0BBC1EA12706BC1A00CE88E8 /* Release */ = {
			isa = XCBuildConfiguration;
			baseConfigurationReference = BC64E20B22CFA8E846AF15BC /* Pods-UMDBusApp-UMDBusAppUITests.release.xcconfig */;
			buildSettings = {
				ALWAYS_EMBED_SWIFT_STANDARD_LIBRARIES = YES;
				CODE_SIGN_STYLE = Automatic;
				CURRENT_PROJECT_VERSION = 1;
				DEVELOPMENT_TEAM = 8RJGU8HFWK;
				GENERATE_INFOPLIST_FILE = YES;
				LD_RUNPATH_SEARCH_PATHS = (
					"$(inherited)",
					"@executable_path/Frameworks",
					"@loader_path/Frameworks",
				);
				MARKETING_VERSION = 1.0;
				PRODUCT_BUNDLE_IDENTIFIER = Gvprime.UMDBusAppUITests;
				PRODUCT_NAME = "$(TARGET_NAME)";
				SWIFT_EMIT_LOC_STRINGS = NO;
				SWIFT_VERSION = 5.0;
				TARGETED_DEVICE_FAMILY = "1,2";
				TEST_TARGET_NAME = UMDBusApp;
			};
			name = Release;
		};
/* End XCBuildConfiguration section */

/* Begin XCConfigurationList section */
		0BBC1E672706BC1600CE88E8 /* Build configuration list for PBXProject "UMDBusApp" */ = {
			isa = XCConfigurationList;
			buildConfigurations = (
				0BBC1E972706BC1A00CE88E8 /* Debug */,
				0BBC1E982706BC1A00CE88E8 /* Release */,
			);
			defaultConfigurationIsVisible = 0;
			defaultConfigurationName = Release;
		};
		0BBC1E992706BC1A00CE88E8 /* Build configuration list for PBXNativeTarget "UMDBusApp" */ = {
			isa = XCConfigurationList;
			buildConfigurations = (
				0BBC1E9A2706BC1A00CE88E8 /* Debug */,
				0BBC1E9B2706BC1A00CE88E8 /* Release */,
			);
			defaultConfigurationIsVisible = 0;
			defaultConfigurationName = Release;
		};
		0BBC1E9C2706BC1A00CE88E8 /* Build configuration list for PBXNativeTarget "UMDBusAppTests" */ = {
			isa = XCConfigurationList;
			buildConfigurations = (
				0BBC1E9D2706BC1A00CE88E8 /* Debug */,
				0BBC1E9E2706BC1A00CE88E8 /* Release */,
			);
			defaultConfigurationIsVisible = 0;
			defaultConfigurationName = Release;
		};
		0BBC1E9F2706BC1A00CE88E8 /* Build configuration list for PBXNativeTarget "UMDBusAppUITests" */ = {
			isa = XCConfigurationList;
			buildConfigurations = (
				0BBC1EA02706BC1A00CE88E8 /* Debug */,
				0BBC1EA12706BC1A00CE88E8 /* Release */,
			);
			defaultConfigurationIsVisible = 0;
			defaultConfigurationName = Release;
		};
/* End XCConfigurationList section */

/* Begin XCVersionGroup section */
		0BBC1E782706BC1600CE88E8 /* UMDBusApp.xcdatamodeld */ = {
			isa = XCVersionGroup;
			children = (
				0BBC1E792706BC1600CE88E8 /* UMDBusApp.xcdatamodel */,
			);
			currentVersion = 0BBC1E792706BC1600CE88E8 /* UMDBusApp.xcdatamodel */;
			path = UMDBusApp.xcdatamodeld;
			sourceTree = "<group>";
			versionGroupType = wrapper.xcdatamodel;
		};
/* End XCVersionGroup section */
	};
	rootObject = 0BBC1E642706BC1600CE88E8 /* Project object */;
}
